
Microsoft Visual Studio Solution File, Format Version 12.00
# Visual Studio 2017
Project("{FAE04EC0-301F-11D3-BF4B-00C04F79EFBC}") = "Text adventure", "Text adventure.csproj", "{C7511061-7F9A-743A-8B72-C4A89DC6BC3B}"
EndProject
Global
	GlobalSection(SolutionConfigurationPlatforms) = preSolution
		Debug|Any CPU = Debug|Any CPU
		Release|Any CPU = Release|Any CPU
	EndGlobalSection
	GlobalSection(ProjectConfigurationPlatforms) = postSolution
		{C7511061-7F9A-743A-8B72-C4A89DC6BC3B}.Debug|Any CPU.ActiveCfg = Debug|Any CPU
		{C7511061-7F9A-743A-8B72-C4A89DC6BC3B}.Debug|Any CPU.Build.0 = Debug|Any CPU
		{C7511061-7F9A-743A-8B72-C4A89DC6BC3B}.Release|Any CPU.ActiveCfg = Release|Any CPU
		{C7511061-7F9A-743A-8B72-C4A89DC6BC3B}.Release|Any CPU.Build.0 = Release|Any CPU
	EndGlobalSection
	GlobalSection(SolutionProperties) = preSolution
		HideSolutionNode = FALSE
	EndGlobalSection
EndGlobal
